
Microsoft Visual Studio Solution File, Format Version 12.00
# Visual Studio Version 17
VisualStudioVersion = 17.5.002.0
MinimumVisualStudioVersion = 10.0.40219.1
Project("{9A19103F-16F7-4668-BE54-9A1E7A4F7556}") = "Infinit", "Infinit.csproj", "{6C4104D8-BD59-4364-96F3-DA557BAF8C70}"
EndProject
Global
	GlobalSection(SolutionConfigurationPlatforms) = preSolution
		Debug|Any CPU = Debug|Any CPU
		Release|Any CPU = Release|Any CPU
	EndGlobalSection
	GlobalSection(ProjectConfigurationPlatforms) = postSolution
		{6C4104D8-BD59-4364-96F3-DA557BAF8C70}.Debug|Any CPU.ActiveCfg = Debug|Any CPU
		{6C4104D8-BD59-4364-96F3-DA557BAF8C70}.Debug|Any CPU.Build.0 = Debug|Any CPU
		{6C4104D8-BD59-4364-96F3-DA557BAF8C70}.Release|Any CPU.ActiveCfg = Release|Any CPU
		{6C4104D8-BD59-4364-96F3-DA557BAF8C70}.Release|Any CPU.Build.0 = Release|Any CPU
	EndGlobalSection
	GlobalSection(SolutionProperties) = preSolution
		HideSolutionNode = FALSE
	EndGlobalSection
	GlobalSection(ExtensibilityGlobals) = postSolution
		SolutionGuid = {4A33B4BD-ED71-42A5-9A9A-848868E4E3A8}
	EndGlobalSection
EndGlobal
